
Microsoft Visual Studio Solution File, Format Version 12.00
# Visual Studio Version 17
VisualStudioVersion = 17.9.34723.18
MinimumVisualStudioVersion = 10.0.40219.1
Project("{8BC9CEB8-8B4A-11D0-8D11-00A0C91BC942}") = "Hcz'sEnglishLearningHelper", "Hcz'sEnglishLearningHelper\Hcz'sEnglishLearningHelper.vcxproj", "{F9C6727B-E87D-4B1A-9744-61B7C54DAF8C}"
EndProject
Project("{54435603-DBB4-11D2-8724-00A0C9A8B90C}") = "Hcz's English Learning Helper", "Hcz's English Learning Helper\Hcz's English Learning Helper.vdproj", "{23EA9EA0-32A8-4586-A402-558D549DB5E1}"
EndProject
Global
	GlobalSection(SolutionConfigurationPlatforms) = preSolution
		Debug|x64 = Debug|x64
		Debug|x86 = Debug|x86
		Release|x64 = Release|x64
		Release|x86 = Release|x86
	EndGlobalSection
	GlobalSection(ProjectConfigurationPlatforms) = postSolution
		{F9C6727B-E87D-4B1A-9744-61B7C54DAF8C}.Debug|x64.ActiveCfg = Debug|x64
		{F9C6727B-E87D-4B1A-9744-61B7C54DAF8C}.Debug|x64.Build.0 = Debug|x64
		{F9C6727B-E87D-4B1A-9744-61B7C54DAF8C}.Debug|x86.ActiveCfg = Debug|Win32
		{F9C6727B-E87D-4B1A-9744-61B7C54DAF8C}.Debug|x86.Build.0 = Debug|Win32
		{F9C6727B-E87D-4B1A-9744-61B7C54DAF8C}.Release|x64.ActiveCfg = Release|x64
		{F9C6727B-E87D-4B1A-9744-61B7C54DAF8C}.Release|x64.Build.0 = Release|x64
		{F9C6727B-E87D-4B1A-9744-61B7C54DAF8C}.Release|x86.ActiveCfg = Release|Win32
		{F9C6727B-E87D-4B1A-9744-61B7C54DAF8C}.Release|x86.Build.0 = Release|Win32
		{23EA9EA0-32A8-4586-A402-558D549DB5E1}.Debug|x64.ActiveCfg = Debug
		{23EA9EA0-32A8-4586-A402-558D549DB5E1}.Debug|x86.ActiveCfg = Debug
		{23EA9EA0-32A8-4586-A402-558D549DB5E1}.Release|x64.ActiveCfg = Release
		{23EA9EA0-32A8-4586-A402-558D549DB5E1}.Release|x86.ActiveCfg = Release
	EndGlobalSection
	GlobalSection(SolutionProperties) = preSolution
		HideSolutionNode = FALSE
	EndGlobalSection
	GlobalSection(ExtensibilityGlobals) = postSolution
		SolutionGuid = {7B8E54B1-5601-470E-8DA3-04E758697143}
	EndGlobalSection
EndGlobal
